#MicroXplorer Configuration settings - do not modify
ADC1.Channel-0\#ChannelRegularConversion=ADC_CHANNEL_6
ADC1.ClockPrescaler=ADC_CLOCK_SYNC_PCLK_DIV8
ADC1.ContinuousConvMode=ENABLE
ADC1.EOCSelection=ADC_EOC_SEQ_CONV
ADC1.IPParameters=Rank-0\#ChannelRegularConversion,Channel-0\#ChannelRegularConversion,SamplingTime-0\#ChannelRegularConversion,NbrOfConversionFlag,master,ClockPrescaler,EOCSelection,ContinuousConvMode
ADC1.NbrOfConversionFlag=1
ADC1.Rank-0\#ChannelRegularConversion=1
ADC1.SamplingTime-0\#ChannelRegularConversion=ADC_SAMPLETIME_3CYCLES
ADC1.master=1
ADC2.Channel-0\#ChannelRegularConversion=ADC_CHANNEL_3
ADC2.ClockPrescaler=ADC_CLOCK_SYNC_PCLK_DIV8
ADC2.ContinuousConvMode=ENABLE
ADC2.EOCSelection=ADC_EOC_SEQ_CONV
ADC2.IPParameters=Rank-0\#ChannelRegularConversion,Channel-0\#ChannelRegularConversion,SamplingTime-0\#ChannelRegularConversion,NbrOfConversionFlag,ClockPrescaler,EOCSelection,ContinuousConvMode
ADC2.NbrOfConversionFlag=1
ADC2.Rank-0\#ChannelRegularConversion=1
ADC2.SamplingTime-0\#ChannelRegularConversion=ADC_SAMPLETIME_3CYCLES
ADC3.Channel-0\#ChannelRegularConversion=ADC_CHANNEL_9
ADC3.ClockPrescaler=ADC_CLOCK_SYNC_PCLK_DIV8
ADC3.ContinuousConvMode=ENABLE
ADC3.EOCSelection=ADC_EOC_SEQ_CONV
ADC3.IPParameters=Rank-0\#ChannelRegularConversion,Channel-0\#ChannelRegularConversion,SamplingTime-0\#ChannelRegularConversion,NbrOfConversionFlag,ClockPrescaler,EOCSelection,ContinuousConvMode
ADC3.NbrOfConversionFlag=1
ADC3.Rank-0\#ChannelRegularConversion=1
ADC3.SamplingTime-0\#ChannelRegularConversion=ADC_SAMPLETIME_3CYCLES
CORTEX_M7.AccessPermission-Cortex_Memory_Protection_Unit_Region0_Settings=MPU_REGION_FULL_ACCESS
CORTEX_M7.BaseAddress-Cortex_Memory_Protection_Unit_Region0_Settings=0x60000000
CORTEX_M7.CPU_DCache=Enabled
CORTEX_M7.CPU_ICache=Enabled
CORTEX_M7.DisableExec-Cortex_Memory_Protection_Unit_Region0_Settings=MPU_INSTRUCTION_ACCESS_DISABLE
CORTEX_M7.Enable-Cortex_Memory_Protection_Unit_Region0_Settings=MPU_REGION_ENABLE
CORTEX_M7.IPParameters=CPU_DCache,CPU_ICache,PREFETCH_ENABLE,MPU_Control,Enable-Cortex_Memory_Protection_Unit_Region0_Settings,BaseAddress-Cortex_Memory_Protection_Unit_Region0_Settings,Size-Cortex_Memory_Protection_Unit_Region0_Settings,IsShareable-Cortex_Memory_Protection_Unit_Region0_Settings,AccessPermission-Cortex_Memory_Protection_Unit_Region0_Settings,DisableExec-Cortex_Memory_Protection_Unit_Region0_Settings
CORTEX_M7.IsShareable-Cortex_Memory_Protection_Unit_Region0_Settings=MPU_ACCESS_SHAREABLE
CORTEX_M7.MPU_Control=MPU_PRIVILEGED_DEFAULT
CORTEX_M7.PREFETCH_ENABLE=0
CORTEX_M7.Size-Cortex_Memory_Protection_Unit_Region0_Settings=MPU_REGION_SIZE_4MB
Dma.Request0=SAI1_A
Dma.Request1=SAI1_B
Dma.Request2=SAI2_A
Dma.Request3=SAI2_B
Dma.RequestsNb=4
Dma.SAI1_A.0.Direction=DMA_PERIPH_TO_MEMORY
Dma.SAI1_A.0.FIFOMode=DMA_FIFOMODE_ENABLE
Dma.SAI1_A.0.FIFOThreshold=DMA_FIFO_THRESHOLD_FULL
Dma.SAI1_A.0.Instance=DMA2_Stream1
Dma.SAI1_A.0.MemBurst=DMA_MBURST_SINGLE
Dma.SAI1_A.0.MemDataAlignment=DMA_MDATAALIGN_HALFWORD
Dma.SAI1_A.0.MemInc=DMA_MINC_ENABLE
Dma.SAI1_A.0.Mode=DMA_CIRCULAR
Dma.SAI1_A.0.PeriphBurst=DMA_PBURST_SINGLE
Dma.SAI1_A.0.PeriphDataAlignment=DMA_PDATAALIGN_HALFWORD
Dma.SAI1_A.0.PeriphInc=DMA_PINC_DISABLE
Dma.SAI1_A.0.Priority=DMA_PRIORITY_HIGH
Dma.SAI1_A.0.RequestParameters=Instance,Direction,PeriphInc,MemInc,PeriphDataAlignment,MemDataAlignment,Mode,Priority,FIFOMode,FIFOThreshold,MemBurst,PeriphBurst
Dma.SAI1_B.1.Direction=DMA_MEMORY_TO_PERIPH
Dma.SAI1_B.1.FIFOMode=DMA_FIFOMODE_ENABLE
Dma.SAI1_B.1.FIFOThreshold=DMA_FIFO_THRESHOLD_FULL
Dma.SAI1_B.1.Instance=DMA2_Stream0
Dma.SAI1_B.1.MemBurst=DMA_MBURST_SINGLE
Dma.SAI1_B.1.MemDataAlignment=DMA_MDATAALIGN_HALFWORD
Dma.SAI1_B.1.MemInc=DMA_MINC_ENABLE
Dma.SAI1_B.1.Mode=DMA_CIRCULAR
Dma.SAI1_B.1.PeriphBurst=DMA_PBURST_SINGLE
Dma.SAI1_B.1.PeriphDataAlignment=DMA_PDATAALIGN_HALFWORD
Dma.SAI1_B.1.PeriphInc=DMA_PINC_DISABLE
Dma.SAI1_B.1.Priority=DMA_PRIORITY_HIGH
Dma.SAI1_B.1.RequestParameters=Instance,Direction,PeriphInc,MemInc,PeriphDataAlignment,MemDataAlignment,Mode,Priority,FIFOMode,FIFOThreshold,MemBurst,PeriphBurst
Dma.SAI2_A.2.Direction=DMA_PERIPH_TO_MEMORY
Dma.SAI2_A.2.FIFOMode=DMA_FIFOMODE_ENABLE
Dma.SAI2_A.2.FIFOThreshold=DMA_FIFO_THRESHOLD_FULL
Dma.SAI2_A.2.Instance=DMA2_Stream2
Dma.SAI2_A.2.MemBurst=DMA_MBURST_SINGLE
Dma.SAI2_A.2.MemDataAlignment=DMA_MDATAALIGN_HALFWORD
Dma.SAI2_A.2.MemInc=DMA_MINC_ENABLE
Dma.SAI2_A.2.Mode=DMA_CIRCULAR
Dma.SAI2_A.2.PeriphBurst=DMA_PBURST_SINGLE
Dma.SAI2_A.2.PeriphDataAlignment=DMA_PDATAALIGN_HALFWORD
Dma.SAI2_A.2.PeriphInc=DMA_PINC_DISABLE
Dma.SAI2_A.2.Priority=DMA_PRIORITY_LOW
Dma.SAI2_A.2.RequestParameters=Instance,Direction,PeriphInc,MemInc,PeriphDataAlignment,MemDataAlignment,Mode,Priority,FIFOMode,FIFOThreshold,MemBurst,PeriphBurst
Dma.SAI2_B.3.Direction=DMA_MEMORY_TO_PERIPH
Dma.SAI2_B.3.FIFOMode=DMA_FIFOMODE_ENABLE
Dma.SAI2_B.3.FIFOThreshold=DMA_FIFO_THRESHOLD_FULL
Dma.SAI2_B.3.Instance=DMA2_Stream6
Dma.SAI2_B.3.MemBurst=DMA_MBURST_SINGLE
Dma.SAI2_B.3.MemDataAlignment=DMA_MDATAALIGN_HALFWORD
Dma.SAI2_B.3.MemInc=DMA_MINC_ENABLE
Dma.SAI2_B.3.Mode=DMA_CIRCULAR
Dma.SAI2_B.3.PeriphBurst=DMA_PBURST_SINGLE
Dma.SAI2_B.3.PeriphDataAlignment=DMA_PDATAALIGN_HALFWORD
Dma.SAI2_B.3.PeriphInc=DMA_PINC_DISABLE
Dma.SAI2_B.3.Priority=DMA_PRIORITY_LOW
Dma.SAI2_B.3.RequestParameters=Instance,Direction,PeriphInc,MemInc,PeriphDataAlignment,MemDataAlignment,Mode,Priority,FIFOMode,FIFOThreshold,MemBurst,PeriphBurst
FMC.DataSetupTime1=15
FMC.IPParameters=WriteFifo1,WriteFifo2,WriteFifo3,WriteFifo4,DataSetupTime1
FMC.WriteFifo1=FMC_WRITE_FIFO_DISABLE
FMC.WriteFifo2=FMC_WRITE_FIFO_DISABLE
FMC.WriteFifo3=FMC_WRITE_FIFO_DISABLE
FMC.WriteFifo4=FMC_WRITE_FIFO_DISABLE
File.Version=6
I2C1.IPParameters=Timing
I2C1.Timing=0x00303D5B
I2C2.IPParameters=Timing
I2C2.Timing=0x20404768
I2C4.IPParameters=Timing
I2C4.Timing=0x20404768
KeepUserPlacement=true
Mcu.Family=STM32F7
Mcu.IP0=ADC1
Mcu.IP1=ADC2
Mcu.IP10=I2C4
Mcu.IP11=NVIC
Mcu.IP12=RCC
Mcu.IP13=RTC
Mcu.IP14=SAI1
Mcu.IP15=SAI2
Mcu.IP16=SPI2
Mcu.IP17=SPI3
Mcu.IP18=SPI6
Mcu.IP19=SYS
Mcu.IP2=ADC3
Mcu.IP20=TIM3
Mcu.IP21=TIM4
Mcu.IP22=TIM5
Mcu.IP23=TIM8
Mcu.IP24=USB_DEVICE
Mcu.IP25=USB_HOST
Mcu.IP26=USB_OTG_FS
Mcu.IP27=USB_OTG_HS
Mcu.IP3=CORTEX_M7
Mcu.IP4=DAC
Mcu.IP5=DMA
Mcu.IP6=FATFS
Mcu.IP7=FMC
Mcu.IP8=I2C1
Mcu.IP9=I2C2
Mcu.IPNb=28
Mcu.Name=STM32F767Z(G-I)Tx
Mcu.Package=LQFP144
Mcu.Pin0=PE2
Mcu.Pin1=PE3
Mcu.Pin10=PF2
Mcu.Pin100=PG11
Mcu.Pin101=PG12
Mcu.Pin102=PG13
Mcu.Pin103=PG14
Mcu.Pin104=PG15
Mcu.Pin105=PB4
Mcu.Pin106=PB5
Mcu.Pin107=PB6
Mcu.Pin108=PB7
Mcu.Pin109=PB8
Mcu.Pin11=PF3
Mcu.Pin110=PB9
Mcu.Pin111=PE0
Mcu.Pin112=PE1
Mcu.Pin113=VP_FATFS_VS_USB
Mcu.Pin114=VP_RTC_VS_RTC_Activate
Mcu.Pin115=VP_RTC_VS_RTC_Calendar
Mcu.Pin116=VP_RTC_VS_RTC_WakeUp_intern
Mcu.Pin117=VP_SAI1_VP_$IpInstance_SAIA_SAI_BASIC
Mcu.Pin118=VP_SAI1_VP_$IpInstance_SAIB_SAI_BASIC
Mcu.Pin119=VP_SAI2_VP_$IpInstance_SAIA_SAI_BASIC
Mcu.Pin12=PF4
Mcu.Pin120=VP_SAI2_VP_$IpInstance_SAIB_SAI_BASIC
Mcu.Pin121=VP_SYS_VS_Systick
Mcu.Pin122=VP_USB_DEVICE_VS_USB_DEVICE_AUDIO_FS
Mcu.Pin123=VP_USB_HOST_VS_USB_HOST_MSC_HS
Mcu.Pin13=PF5
Mcu.Pin14=PF6
Mcu.Pin15=PF7
Mcu.Pin16=PF8
Mcu.Pin17=PF9
Mcu.Pin18=PF10
Mcu.Pin19=PH0/OSC_IN
Mcu.Pin2=PE4
Mcu.Pin20=PH1/OSC_OUT
Mcu.Pin21=PC0
Mcu.Pin22=PC1
Mcu.Pin23=PC2
Mcu.Pin24=PC3
Mcu.Pin25=PA0/WKUP
Mcu.Pin26=PA1
Mcu.Pin27=PA2
Mcu.Pin28=PA3
Mcu.Pin29=PA4
Mcu.Pin3=PE5
Mcu.Pin30=PA5
Mcu.Pin31=PA6
Mcu.Pin32=PA7
Mcu.Pin33=PC4
Mcu.Pin34=PC5
Mcu.Pin35=PB0
Mcu.Pin36=PB1
Mcu.Pin37=PB2
Mcu.Pin38=PF11
Mcu.Pin39=PF12
Mcu.Pin4=PE6
Mcu.Pin40=PF13
Mcu.Pin41=PF14
Mcu.Pin42=PF15
Mcu.Pin43=PG0
Mcu.Pin44=PG1
Mcu.Pin45=PE7
Mcu.Pin46=PE8
Mcu.Pin47=PE9
Mcu.Pin48=PE10
Mcu.Pin49=PE11
Mcu.Pin5=PC13
Mcu.Pin50=PE12
Mcu.Pin51=PE13
Mcu.Pin52=PE14
Mcu.Pin53=PE15
Mcu.Pin54=PB10
Mcu.Pin55=PB11
Mcu.Pin56=PB12
Mcu.Pin57=PB13
Mcu.Pin58=PB14
Mcu.Pin59=PB15
Mcu.Pin6=PC14/OSC32_IN
Mcu.Pin60=PD8
Mcu.Pin61=PD9
Mcu.Pin62=PD10
Mcu.Pin63=PD11
Mcu.Pin64=PD12
Mcu.Pin65=PD13
Mcu.Pin66=PD14
Mcu.Pin67=PD15
Mcu.Pin68=PG2
Mcu.Pin69=PG3
Mcu.Pin7=PC15/OSC32_OUT
Mcu.Pin70=PG4
Mcu.Pin71=PG5
Mcu.Pin72=PG6
Mcu.Pin73=PG7
Mcu.Pin74=PG8
Mcu.Pin75=PC6
Mcu.Pin76=PC7
Mcu.Pin77=PC8
Mcu.Pin78=PC9
Mcu.Pin79=PA8
Mcu.Pin8=PF0
Mcu.Pin80=PA9
Mcu.Pin81=PA10
Mcu.Pin82=PA11
Mcu.Pin83=PA12
Mcu.Pin84=PA13
Mcu.Pin85=PA14
Mcu.Pin86=PA15
Mcu.Pin87=PC10
Mcu.Pin88=PC11
Mcu.Pin89=PC12
Mcu.Pin9=PF1
Mcu.Pin90=PD0
Mcu.Pin91=PD1
Mcu.Pin92=PD2
Mcu.Pin93=PD3
Mcu.Pin94=PD4
Mcu.Pin95=PD5
Mcu.Pin96=PD6
Mcu.Pin97=PD7
Mcu.Pin98=PG9
Mcu.Pin99=PG10
Mcu.PinsNb=124
Mcu.UserConstants=
Mcu.UserName=STM32F767ZITx
MxCube.Version=4.20.1
MxDb.Version=DB.4.0.200
NVIC.BusFault_IRQn=true\:0\:0\:false\:false\:false
NVIC.DMA2_Stream0_IRQn=true\:0\:0\:false\:false\:true
NVIC.DMA2_Stream1_IRQn=true\:0\:0\:false\:false\:true
NVIC.DMA2_Stream2_IRQn=true\:0\:0\:false\:false\:true
NVIC.DMA2_Stream6_IRQn=true\:0\:0\:false\:false\:true
NVIC.DebugMonitor_IRQn=true\:0\:0\:false\:false\:true
NVIC.EXTI0_IRQn=true\:15\:0\:true\:false\:true
NVIC.EXTI1_IRQn=true\:15\:0\:true\:false\:true
NVIC.HardFault_IRQn=true\:0\:0\:false\:false\:true
NVIC.MemoryManagement_IRQn=true\:0\:0\:false\:false\:true
NVIC.NonMaskableInt_IRQn=true\:0\:0\:false\:false\:true
NVIC.OTG_FS_IRQn=true\:1\:0\:true\:false\:true
NVIC.OTG_HS_IRQn=true\:15\:0\:true\:false\:true
NVIC.PendSV_IRQn=true\:0\:0\:false\:false\:true
NVIC.PriorityGroup=NVIC_PRIORITYGROUP_4
NVIC.SVCall_IRQn=true\:0\:0\:false\:false\:true
NVIC.SysTick_IRQn=true\:0\:0\:false\:false\:true
NVIC.UsageFault_IRQn=true\:0\:0\:false\:false\:true
PA0/WKUP.GPIOParameters=GPIO_PuPd
PA0/WKUP.GPIO_PuPd=GPIO_PULLUP
PA0/WKUP.Signal=S_TIM5_CH1
PA1.GPIOParameters=GPIO_PuPd
PA1.GPIO_PuPd=GPIO_PULLUP
PA1.Signal=S_TIM5_CH2
PA10.GPIOParameters=PinState,GPIO_Label
PA10.GPIO_Label=BAND2
PA10.Locked=true
PA10.PinState=GPIO_PIN_RESET
PA10.Signal=GPIO_Output
PA11.Mode=Device_Only
PA11.Signal=USB_OTG_FS_DM
PA12.Mode=Device_Only
PA12.Signal=USB_OTG_FS_DP
PA13.Mode=Serial_Wire
PA13.Signal=SYS_JTMS-SWDIO
PA14.Mode=Serial_Wire
PA14.Signal=SYS_JTCK-SWCLK
PA15.GPIOParameters=GPIO_Label
PA15.GPIO_Label=Button_F1
PA15.Locked=true
PA15.Signal=GPIO_Input
PA2.Mode=SAI_B_MasterWithClock
PA2.Signal=SAI2_SCK_B
PA3.Signal=ADCx_IN3
PA4.Signal=COMP_DAC1_group
PA5.Signal=COMP_DAC2_group
PA6.Signal=ADCx_IN6
PA7.GPIOParameters=GPIO_Label
PA7.GPIO_Label=opt_SW_SD
PA7.Locked=true
PA7.Signal=GPXTI7
PA8.GPIOParameters=GPIO_Label
PA8.GPIO_Label=BAND1
PA8.Locked=true
PA8.Signal=GPIO_Output
PA9.GPIOParameters=GPIO_Speed,PinState,GPIO_Label
PA9.GPIO_Label=TP_CS
PA9.GPIO_Speed=GPIO_SPEED_FREQ_HIGH
PA9.Locked=true
PA9.PinState=GPIO_PIN_SET
PA9.Signal=GPIO_Output
PB0.GPIOParameters=GPIO_Label
PB0.GPIO_Label=Button_BM
PB0.Locked=true
PB0.Signal=GPIO_Input
PB1.GPIOParameters=GPIO_Label
PB1.GPIO_Label=PTT_ON
PB1.Locked=true
PB1.Signal=GPIO_Output
PB10.Locked=true
PB10.Mode=I2C
PB10.Signal=I2C2_SCL
PB11.Locked=true
PB11.Mode=I2C
PB11.Signal=I2C2_SDA
PB12.GPIOParameters=GPIO_Label
PB12.GPIO_Label=LED_RED
PB12.Locked=true
PB12.Signal=GPIO_Output
PB13.Mode=Full_Duplex_Master
PB13.Signal=SPI2_SCK
PB14.Mode=Host_FS
PB14.Signal=USB_OTG_HS_DM
PB15.Mode=Host_FS
PB15.Signal=USB_OTG_HS_DP
PB2.GPIOParameters=GPIO_Label
PB2.GPIO_Label=Button_BP
PB2.Locked=true
PB2.Signal=GPIO_Input
PB4.GPIOParameters=GPIO_PuPd
PB4.GPIO_PuPd=GPIO_PULLUP
PB4.Locked=true
PB4.Signal=S_TIM3_CH1
PB5.GPIOParameters=GPIO_PuPd
PB5.GPIO_PuPd=GPIO_PULLUP
PB5.Locked=true
PB5.Signal=S_TIM3_CH2
PB6.Mode=I2C
PB6.Signal=I2C1_SCL
PB7.Mode=I2C
PB7.Signal=I2C1_SDA
PB8.GPIOParameters=GPIO_Label
PB8.GPIO_Label=Button_G2
PB8.Locked=true
PB8.Signal=GPIO_Input
PB9.GPIOParameters=GPIO_Label
PB9.GPIO_Label=LED_GREEN
PB9.Locked=true
PB9.Signal=GPIO_Output
PC0.Mode=SAI_B_MasterWithClock
PC0.Signal=SAI2_FS_B
PC1.GPIOParameters=GPIO_Label
PC1.GPIO_Label=Button_M3
PC1.Locked=true
PC1.Signal=GPIO_Input
PC10.Mode=Full_Duplex_Master
PC10.Signal=SPI3_SCK
PC11.Mode=Full_Duplex_Master
PC11.Signal=SPI3_MISO
PC12.Locked=true
PC12.Mode=Full_Duplex_Master
PC12.Signal=SPI3_MOSI
PC13.Mode=AlarmA_RoutedAF
PC13.Signal=RTC_OUT_ALARM
PC14/OSC32_IN.Mode=LSE-External-Oscillator
PC14/OSC32_IN.Signal=RCC_OSC32_IN
PC15/OSC32_OUT.Mode=LSE-External-Oscillator
PC15/OSC32_OUT.Signal=RCC_OSC32_OUT
PC2.Mode=Full_Duplex_Master
PC2.Signal=SPI2_MISO
PC3.Locked=true
PC3.Mode=Full_Duplex_Master
PC3.Signal=SPI2_MOSI
PC4.GPIOParameters=GPIO_Label
PC4.GPIO_Label=Button_SM
PC4.Locked=true
PC4.Signal=GPIO_Input
PC5.GPIOParameters=GPIO_Label
PC5.GPIO_Label=Button_SP
PC5.Locked=true
PC5.Signal=GPIO_Input
PC6.GPIOParameters=GPIO_PuPd
PC6.GPIO_PuPd=GPIO_PULLUP
PC6.Signal=S_TIM8_CH1
PC7.GPIOParameters=GPIO_PuPd
PC7.GPIO_PuPd=GPIO_PULLUP
PC7.Signal=S_TIM8_CH2
PC8.GPIOParameters=GPIO_Label
PC8.GPIO_Label=POWER_DOWN
PC8.Locked=true
PC8.Signal=GPIO_Output
PC9.Locked=true
PC9.Signal=RCC_MCO_2
PCC.Checker=false
PCC.Line=STM32F7x7
PCC.MCU=STM32F767Z(G-I)Tx
PCC.MXVersion=4.20.1
PCC.PartNumber=STM32F767ZITx
PCC.Seq0=0
PCC.Series=STM32F7
PCC.Temperature=25
PCC.Vdd=3.3
PD0.Signal=FMC_D2_DA2
PD1.Signal=FMC_D3_DA3
PD10.Signal=FMC_D15_DA15
PD11.Mode=SAI_A_SyncSlave
PD11.Signal=SAI2_SD_A
PD12.GPIOParameters=GPIO_PuPd
PD12.GPIO_PuPd=GPIO_PULLUP
PD12.Signal=S_TIM4_CH1
PD13.GPIOParameters=GPIO_PuPd
PD13.GPIO_PuPd=GPIO_PULLUP
PD13.Signal=S_TIM4_CH2
PD14.Signal=FMC_D0_DA0
PD15.Signal=FMC_D1_DA1
PD2.GPIOParameters=GPIO_Label
PD2.GPIO_Label=LCD_BL_CTRL
PD2.Locked=true
PD2.Signal=GPIO_Output
PD3.GPIOParameters=PinState,GPIO_Label
PD3.GPIO_Label=LCD_RESET
PD3.Locked=true
PD3.PinState=GPIO_PIN_SET
PD3.Signal=GPIO_Output
PD4.Signal=FMC_NOE
PD5.Signal=FMC_NWE
PD6.Locked=true
PD6.Mode=SAI_A_SyncSlave
PD6.Signal=SAI1_SD_A
PD7.Mode=NorPsramChipSelect1_1
PD7.Signal=FMC_NE1
PD8.Signal=FMC_D13_DA13
PD9.Signal=FMC_D14_DA14
PE0.GPIOParameters=GPIO_PuPd,GPIO_Label,GPIO_ModeDefaultEXTI
PE0.GPIO_Label=keyer_dash
PE0.GPIO_ModeDefaultEXTI=GPIO_MODE_IT_FALLING
PE0.GPIO_PuPd=GPIO_PULLUP
PE0.Locked=true
PE0.Signal=GPXTI0
PE1.GPIOParameters=GPIO_PuPd,GPIO_Label,GPIO_ModeDefaultEXTI
PE1.GPIO_Label=keyer_dot
PE1.GPIO_ModeDefaultEXTI=GPIO_MODE_IT_FALLING
PE1.GPIO_PuPd=GPIO_PULLUP
PE1.Locked=true
PE1.Signal=GPXTI1
PE10.Signal=FMC_D7_DA7
PE11.Signal=FMC_D8_DA8
PE12.Signal=FMC_D9_DA9
PE13.Signal=FMC_D10_DA10
PE14.Signal=FMC_D11_DA11
PE15.Signal=FMC_D12_DA12
PE2.GPIOParameters=GPIO_Label
PE2.GPIO_Label=Button_F2
PE2.Locked=true
PE2.Signal=GPIO_Input
PE3.GPIOParameters=GPIO_Label
PE3.GPIO_Label=Button_F4
PE3.Locked=true
PE3.Signal=GPIO_Input
PE4.GPIOParameters=GPIO_Label
PE4.GPIO_Label=Button_G3
PE4.Locked=true
PE4.Signal=GPIO_Input
PE5.GPIOParameters=GPIO_Label
PE5.GPIO_Label=Button_F5
PE5.Locked=true
PE5.Signal=GPIO_Input
PE6.Locked=true
PE6.Mode=SAI_B_MasterWithClock
PE6.Signal=SAI2_MCLK_B
PE7.Signal=FMC_D4_DA4
PE8.Signal=FMC_D5_DA5
PE9.Signal=FMC_D6_DA6
PF0.GPIOParameters=GPIO_Label
PF0.GPIO_Label=Button_M1
PF0.Locked=true
PF0.Signal=GPIO_Input
PF1.GPIOParameters=GPIO_Label
PF1.GPIO_Label=opt_FRAM_CS
PF1.Locked=true
PF1.Signal=GPIO_Output
PF10.GPIOParameters=GPIO_Label
PF10.GPIO_Label=opt_SW_E3
PF10.Locked=true
PF10.Signal=GPIO_Input
PF11.GPIOParameters=GPIO_Label
PF11.GPIO_Label=opt_Button_S18
PF11.Locked=true
PF11.Signal=GPIO_Input
PF12.GPIOParameters=GPIO_Label
PF12.GPIO_Label=LED_BLUE
PF12.Locked=true
PF12.Signal=GPIO_Output
PF13.GPIOParameters=GPIO_Label
PF13.GPIO_Label=opt_SW_E1
PF13.Locked=true
PF13.Signal=GPIO_Input
PF14.Mode=I2C
PF14.Signal=I2C4_SCL
PF15.Mode=I2C
PF15.Signal=I2C4_SDA
PF2.GPIOParameters=GPIO_Label
PF2.GPIO_Label=opt_FLASH_CS
PF2.Locked=true
PF2.Signal=GPIO_Output
PF3.Mode=IN9
PF3.Signal=ADC3_IN9
PF4.GPIOParameters=GPIO_Label
PF4.GPIO_Label=CS_SD_Card
PF4.Locked=true
PF4.Signal=GPIO_Input
PF5.GPIOParameters=GPIO_Label
PF5.GPIO_Label=opt_SW_E2
PF5.Locked=true
PF5.Signal=GPIO_Input
PF6.Locked=true
PF6.Mode=SAI_B_MasterWithClock
PF6.Signal=SAI1_SD_B
PF7.Locked=true
PF7.Mode=SAI_B_MasterWithClock
PF7.Signal=SAI1_MCLK_B
PF8.Mode=SAI_B_MasterWithClock
PF8.Signal=SAI1_SCK_B
PF9.Mode=SAI_B_MasterWithClock
PF9.Signal=SAI1_FS_B
PG0.GPIOParameters=GPIO_Label
PG0.GPIO_Label=BAND0
PG0.Locked=true
PG0.Signal=GPIO_Output
PG1.GPIOParameters=GPIO_Label
PG1.GPIO_Label=opt_BAND3
PG1.Locked=true
PG1.Signal=GPIO_Output
PG10.Locked=true
PG10.Mode=SAI_B_MasterWithClock
PG10.Signal=SAI2_SD_B
PG11.GPIOParameters=GPIO_Label
PG11.GPIO_Label=Button_G4
PG11.Locked=true
PG11.Signal=GPIO_Input
PG12.Mode=Full_Duplex_Master
PG12.Signal=SPI6_MISO
PG13.Mode=Full_Duplex_Master
PG13.Signal=SPI6_SCK
PG14.Locked=true
PG14.Mode=Full_Duplex_Master
PG14.Signal=SPI6_MOSI
PG15.GPIOParameters=GPIO_Label
PG15.GPIO_Label=Button_F3
PG15.Locked=true
PG15.Signal=GPIO_Input
PG2.GPIOParameters=GPIO_PuPd,GPIO_Label,GPIO_ModeDefaultEXTI
PG2.GPIO_Label=Power_Button
PG2.GPIO_ModeDefaultEXTI=GPIO_MODE_IT_FALLING
PG2.GPIO_PuPd=GPIO_PULLUP
PG2.Locked=true
PG2.Signal=GPXTI2
PG3.Signal=FMC_A13
PG4.GPIOParameters=GPIO_Label
PG4.GPIO_Label=TP_IRQ
PG4.Locked=true
PG4.Signal=GPXTI4
PG5.GPIOParameters=GPIO_Label
PG5.GPIO_Label=Audio_PA_shutdown
PG5.Locked=true
PG5.Signal=GPIO_Output
PG6.GPIOParameters=GPIO_Label
PG6.GPIO_Label=Button_G1
PG6.Locked=true
PG6.Signal=GPIO_Input
PG7.GPIOParameters=GPIO_Label
PG7.GPIO_Label=opt_SW_E4
PG7.Locked=true
PG7.Signal=GPIO_Input
PG8.GPIOParameters=GPIO_Label
PG8.GPIO_Label=MicBias
PG8.Locked=true
PG8.Signal=GPIO_Output
PG9.Locked=true
PG9.Signal=USART6_RX
PH0/OSC_IN.Mode=HSE-External-Clock-Source
PH0/OSC_IN.Signal=RCC_OSC_IN
PH1/OSC_OUT.Mode=HSE-External-Clock-Source
PH1/OSC_OUT.Signal=RCC_OSC_OUT
ProjectManager.AskForMigrate=true
ProjectManager.BackupPrevious=false
ProjectManager.CompilerOptimize=2
ProjectManager.ComputerToolchain=false
ProjectManager.CoupleFile=true
ProjectManager.CustomerFirmwarePackage=C\:/Tools/stm32fxx/stm32ws/CubeRepo/STM32Cube_FW_F7_V1.6.0
ProjectManager.DefaultFWLocation=true
ProjectManager.DeletePrevious=false
ProjectManager.DeviceId=STM32F767ZITx
ProjectManager.FirmwarePackage=STM32Cube FW_F7 V1.6.0
ProjectManager.FreePins=false
ProjectManager.HalAssertFull=false
ProjectManager.HeapSize=0x200
ProjectManager.KeepUserCode=true
ProjectManager.LastFirmware=false
ProjectManager.LibraryCopy=0
ProjectManager.PreviousToolchain=
ProjectManager.ProjectBuild=false
ProjectManager.ProjectFileName=ovi40.ioc
ProjectManager.ProjectName=ovi40
ProjectManager.StackSize=0x400
ProjectManager.TargetToolchain=Other Toolchains (GPDSC)
ProjectManager.ToolChainLocation=
ProjectManager.UnderRoot=false
ProjectManager.functionlistsort=1-MX_GPIO_Init-GPIO-false-HAL,2-MX_DMA_Init-DMA-false-HAL,3-SystemClock_Config-RCC-false-HAL,4-MX_ADC1_Init-ADC1-false-HAL,5-MX_ADC2_Init-ADC2-false-HAL,6-MX_ADC3_Init-ADC3-false-HAL,7-MX_DAC_Init-DAC-false-HAL,8-MX_FMC_Init-FMC-false-HAL,9-MX_I2C1_Init-I2C1-false-HAL,10-MX_I2C2_Init-I2C2-false-HAL,11-MX_I2C4_Init-I2C4-false-HAL,12-MX_RTC_Init-RTC-false-HAL,13-MX_SAI1_Init-SAI1-false-HAL,14-MX_SAI2_Init-SAI2-false-HAL,15-MX_SPI2_Init-SPI2-false-HAL,16-MX_SPI3_Init-SPI3-false-HAL,17-MX_SPI6_Init-SPI6-false-HAL,18-MX_TIM4_Init-TIM4-false-HAL,19-MX_TIM5_Init-TIM5-false-HAL,20-MX_TIM8_Init-TIM8-false-HAL,21-MX_USB_HOST_Init-USB_HOST-false-HAL,22-MX_FATFS_Init-FATFS-false-HAL,23-MX_USB_DEVICE_Init-USB_DEVICE-false-HAL,24-MX_TIM3_Init-TIM3-false-HAL
RCC.AHBCLKDivider=RCC_SYSCLK_DIV1
RCC.AHBFreq_Value=216000000
RCC.APB1CLKDivider=RCC_HCLK_DIV4
RCC.APB1Freq_Value=54000000
RCC.APB1TimFreq_Value=108000000
RCC.APB2CLKDivider=RCC_HCLK_DIV2
RCC.APB2Freq_Value=108000000
RCC.APB2TimFreq_Value=216000000
RCC.CECFreq_Value=32786.88524590164
RCC.CortexFreq_Value=216000000
RCC.DFSDMAudioFreq_Value=12285714.285714285
RCC.DFSDMFreq_Value=108000000
RCC.EthernetFreq_Value=216000000
RCC.FCLKCortexFreq_Value=216000000
RCC.FamilyName=M
RCC.HCLKFreq_Value=216000000
RCC.HSE_VALUE=16000000
RCC.HSI_VALUE=16000000
RCC.I2C1CLockSelection=RCC_I2C1CLKSOURCE_HSI
RCC.I2C1Freq_Value=16000000
RCC.I2C2Freq_Value=54000000
RCC.I2C3Freq_Value=54000000
RCC.I2C4Freq_Value=54000000
RCC.I2SFreq_Value=84000000
RCC.IPParameters=AHBCLKDivider,AHBFreq_Value,APB1CLKDivider,APB1Freq_Value,APB1TimFreq_Value,APB2CLKDivider,APB2Freq_Value,APB2TimFreq_Value,CECFreq_Value,CortexFreq_Value,DFSDMAudioFreq_Value,DFSDMFreq_Value,EthernetFreq_Value,FCLKCortexFreq_Value,FamilyName,HCLKFreq_Value,HSE_VALUE,HSI_VALUE,I2C1CLockSelection,I2C1Freq_Value,I2C2Freq_Value,I2C3Freq_Value,I2C4Freq_Value,I2SFreq_Value,LCDTFTFreq_Value,LPTIM1Freq_Value,LSI_VALUE,MCO2PinFreq_Value,PLLCLKFreq_Value,PLLI2SN,PLLI2SPCLKFreq_Value,PLLI2SQCLKFreq_Value,PLLI2SRCLKFreq_Value,PLLI2SRoutputFreq_Value,PLLN,PLLP,PLLQ,PLLQCLKFreq_Value,PLLQoutputFreq_Value,PLLRFreq_Value,PLLSAIN,PLLSAIPCLKFreq_Value,PLLSAIQ,PLLSAIQCLKFreq_Value,PLLSAIQDiv,PLLSAIRCLKFreq_Value,PLLSAIoutputFreq_Value,RCC_MCODiv2,RNGFreq_Value,RTCClockSelection,RTCFreq_Value,SAI1Freq_Value,SAI2Freq_Value,SDMMC2Freq_Value,SDMMCFreq_Value,SPDIFRXFreq_Value,SYSCLKFreq_VALUE,SYSCLKSource,UART4Freq_Value,UART5Freq_Value,UART7Freq_Value,UART8Freq_Value,USART1Freq_Value,USART2Freq_Value,USART3Freq_Value,USART6Freq_Value,USBFreq_Value,VCOI2SOutputFreq_Value,VCOInputFreq_Value,VCOOutputFreq_Value,VCOSAIOutputFreq_Value
RCC.LCDTFTFreq_Value=64500000
RCC.LPTIM1Freq_Value=54000000
RCC.LSI_VALUE=32000
RCC.MCO2PinFreq_Value=43200000
RCC.PLLCLKFreq_Value=216000000
RCC.PLLI2SN=168
RCC.PLLI2SPCLKFreq_Value=84000000
RCC.PLLI2SQCLKFreq_Value=84000000
RCC.PLLI2SRCLKFreq_Value=84000000
RCC.PLLI2SRoutputFreq_Value=84000000
RCC.PLLN=432
RCC.PLLP=RCC_PLLP_DIV2
RCC.PLLQ=9
RCC.PLLQCLKFreq_Value=48000000
RCC.PLLQoutputFreq_Value=48000000
RCC.PLLRFreq_Value=216000000
RCC.PLLSAIN=258
RCC.PLLSAIPCLKFreq_Value=129000000
RCC.PLLSAIQ=7
RCC.PLLSAIQCLKFreq_Value=36857142.85714286
RCC.PLLSAIQDiv=3
RCC.PLLSAIRCLKFreq_Value=129000000
RCC.PLLSAIoutputFreq_Value=129000000
RCC.RCC_MCODiv2=RCC_MCODIV_5
RCC.RNGFreq_Value=48000000
RCC.RTCClockSelection=RCC_RTCCLKSOURCE_LSE
RCC.RTCFreq_Value=32768
RCC.SAI1Freq_Value=12285714.285714285
RCC.SAI2Freq_Value=12285714.285714285
RCC.SDMMC2Freq_Value=216000000
RCC.SDMMCFreq_Value=216000000
RCC.SPDIFRXFreq_Value=84000000
RCC.SYSCLKFreq_VALUE=216000000
RCC.SYSCLKSource=RCC_SYSCLKSOURCE_PLLCLK
RCC.UART4Freq_Value=54000000
RCC.UART5Freq_Value=54000000
RCC.UART7Freq_Value=54000000
RCC.UART8Freq_Value=54000000
RCC.USART1Freq_Value=108000000
RCC.USART2Freq_Value=54000000
RCC.USART3Freq_Value=54000000
RCC.USART6Freq_Value=108000000
RCC.USBFreq_Value=48000000
RCC.VCOI2SOutputFreq_Value=168000000
RCC.VCOInputFreq_Value=1000000
RCC.VCOOutputFreq_Value=432000000
RCC.VCOSAIOutputFreq_Value=258000000
RTC.Alarm-AlarmA_RoutedAF=RTC_ALARM_A
RTC.IPParameters=Alarm-AlarmA_RoutedAF
SAI1.AudioFrequency-SAI_B_MasterWithClock=SAI_AUDIO_FREQUENCY_48K
SAI1.ErrorAudioFreq-SAI_B_MasterWithClock=-0.01 %
SAI1.IPParameters=Instance-SAI_B_MasterWithClock,MClockEnable-SAI_B_MasterWithClock,VirtualProtocol-SAI_A_BASIC,InitProtocol-SAI_B_MasterWithClock,VirtualProtocol-SAI_B_BASIC,Instance-SAI_A_SyncSlave,VirtualMode-SAI_A_SyncSlave,Synchro-SAI_A_SyncSlave,VirtualMode-SAI_B_MasterWithClock,Synchro-SAI_B_MasterWithClock,InitProtocol-SAI_A_SyncSlave,RealAudioFreq-SAI_B_MasterWithClock,ErrorAudioFreq-SAI_B_MasterWithClock,NoDivider-SAI_B_MasterWithClock,AudioFrequency-SAI_B_MasterWithClock
SAI1.InitProtocol-SAI_A_SyncSlave=Enable
SAI1.InitProtocol-SAI_B_MasterWithClock=Enable
SAI1.Instance-SAI_A_SyncSlave=SAI$Index_Block_A
SAI1.Instance-SAI_B_MasterWithClock=SAI$Index_Block_B
SAI1.MClockEnable-SAI_B_MasterWithClock=SAI_MASTERCLOCK_ENABLE
SAI1.NoDivider-SAI_B_MasterWithClock=SAI_MASTERDIVIDER_ENABLE
SAI1.RealAudioFreq-SAI_B_MasterWithClock=47.991 KHz
SAI1.Synchro-SAI_A_SyncSlave=SAI_SYNCHRONOUS
SAI1.Synchro-SAI_B_MasterWithClock=SAI_ASYNCHRONOUS
SAI1.VirtualMode-SAI_A_SyncSlave=VM_SLAVE
SAI1.VirtualMode-SAI_B_MasterWithClock=VM_MASTER
SAI1.VirtualProtocol-SAI_A_BASIC=VM_BASIC_PROTOCOL
SAI1.VirtualProtocol-SAI_B_BASIC=VM_BASIC_PROTOCOL
SAI2.AudioFrequency-SAI_B_MasterWithClock=SAI_AUDIO_FREQUENCY_48K
SAI2.ErrorAudioFreq-SAI_B_MasterWithClock=-0.01 %
SAI2.IPParameters=Instance-SAI_B_MasterWithClock,MClockEnable-SAI_B_MasterWithClock,InitProtocol-SAI_B_MasterWithClock,VirtualProtocol-SAI_B_BASIC,Instance-SAI_A_SyncSlave,VirtualMode-SAI_A_SyncSlave,Synchro-SAI_A_SyncSlave,VirtualProtocol-SAI_A_BASIC,VirtualMode-SAI_B_MasterWithClock,Synchro-SAI_B_MasterWithClock,InitProtocol-SAI_A_SyncSlave,RealAudioFreq-SAI_B_MasterWithClock,ErrorAudioFreq-SAI_B_MasterWithClock,AudioFrequency-SAI_B_MasterWithClock
SAI2.InitProtocol-SAI_A_SyncSlave=Enable
SAI2.InitProtocol-SAI_B_MasterWithClock=Enable
SAI2.Instance-SAI_A_SyncSlave=SAI$Index_Block_A
SAI2.Instance-SAI_B_MasterWithClock=SAI$Index_Block_B
SAI2.MClockEnable-SAI_B_MasterWithClock=SAI_MASTERCLOCK_ENABLE
SAI2.RealAudioFreq-SAI_B_MasterWithClock=47.991 KHz
SAI2.Synchro-SAI_A_SyncSlave=SAI_SYNCHRONOUS
SAI2.Synchro-SAI_B_MasterWithClock=SAI_ASYNCHRONOUS
SAI2.VirtualMode-SAI_A_SyncSlave=VM_SLAVE
SAI2.VirtualMode-SAI_B_MasterWithClock=VM_MASTER
SAI2.VirtualProtocol-SAI_A_BASIC=VM_BASIC_PROTOCOL
SAI2.VirtualProtocol-SAI_B_BASIC=VM_BASIC_PROTOCOL
SH.ADCx_IN3.0=ADC2_IN3,IN3
SH.ADCx_IN3.ConfNb=1
SH.ADCx_IN6.0=ADC1_IN6,IN6
SH.ADCx_IN6.ConfNb=1
SH.COMP_DAC1_group.0=DAC_OUT1,DAC_OUT1
SH.COMP_DAC1_group.ConfNb=1
SH.COMP_DAC2_group.0=DAC_OUT2,DAC_OUT2
SH.COMP_DAC2_group.ConfNb=1
SH.FMC_A13.0=FMC_A13,A13_1
SH.FMC_A13.ConfNb=1
SH.FMC_D0_DA0.0=FMC_D0,16b-d1
SH.FMC_D0_DA0.ConfNb=1
SH.FMC_D10_DA10.0=FMC_D10,16b-d1
SH.FMC_D10_DA10.ConfNb=1
SH.FMC_D11_DA11.0=FMC_D11,16b-d1
SH.FMC_D11_DA11.ConfNb=1
SH.FMC_D12_DA12.0=FMC_D12,16b-d1
SH.FMC_D12_DA12.ConfNb=1
SH.FMC_D13_DA13.0=FMC_D13,16b-d1
SH.FMC_D13_DA13.ConfNb=1
SH.FMC_D14_DA14.0=FMC_D14,16b-d1
SH.FMC_D14_DA14.ConfNb=1
SH.FMC_D15_DA15.0=FMC_D15,16b-d1
SH.FMC_D15_DA15.ConfNb=1
SH.FMC_D1_DA1.0=FMC_D1,16b-d1
SH.FMC_D1_DA1.ConfNb=1
SH.FMC_D2_DA2.0=FMC_D2,16b-d1
SH.FMC_D2_DA2.ConfNb=1
SH.FMC_D3_DA3.0=FMC_D3,16b-d1
SH.FMC_D3_DA3.ConfNb=1
SH.FMC_D4_DA4.0=FMC_D4,16b-d1
SH.FMC_D4_DA4.ConfNb=1
SH.FMC_D5_DA5.0=FMC_D5,16b-d1
SH.FMC_D5_DA5.ConfNb=1
SH.FMC_D6_DA6.0=FMC_D6,16b-d1
SH.FMC_D6_DA6.ConfNb=1
SH.FMC_D7_DA7.0=FMC_D7,16b-d1
SH.FMC_D7_DA7.ConfNb=1
SH.FMC_D8_DA8.0=FMC_D8,16b-d1
SH.FMC_D8_DA8.ConfNb=1
SH.FMC_D9_DA9.0=FMC_D9,16b-d1
SH.FMC_D9_DA9.ConfNb=1
SH.FMC_NOE.0=FMC_NOE,Lcd1
SH.FMC_NOE.ConfNb=1
SH.FMC_NWE.0=FMC_NWE,Lcd1
SH.FMC_NWE.ConfNb=1
SH.GPXTI0.0=GPIO_EXTI0
SH.GPXTI0.ConfNb=1
SH.GPXTI1.0=GPIO_EXTI1
SH.GPXTI1.ConfNb=1
SH.GPXTI2.0=GPIO_EXTI2
SH.GPXTI2.ConfNb=1
SH.GPXTI4.0=GPIO_EXTI4
SH.GPXTI4.ConfNb=1
SH.GPXTI7.0=GPIO_EXTI7
SH.GPXTI7.ConfNb=1
SH.S_TIM3_CH1.0=TIM3_CH1,Encoder_Interface
SH.S_TIM3_CH1.ConfNb=1
SH.S_TIM3_CH2.0=TIM3_CH2,Encoder_Interface
SH.S_TIM3_CH2.ConfNb=1
SH.S_TIM4_CH1.0=TIM4_CH1,Encoder_Interface
SH.S_TIM4_CH1.ConfNb=1
SH.S_TIM4_CH2.0=TIM4_CH2,Encoder_Interface
SH.S_TIM4_CH2.ConfNb=1
SH.S_TIM5_CH1.0=TIM5_CH1,Encoder_Interface
SH.S_TIM5_CH1.ConfNb=1
SH.S_TIM5_CH2.0=TIM5_CH2,Encoder_Interface
SH.S_TIM5_CH2.ConfNb=1
SH.S_TIM8_CH1.0=TIM8_CH1,Encoder_Interface
SH.S_TIM8_CH1.ConfNb=1
SH.S_TIM8_CH2.0=TIM8_CH2,Encoder_Interface
SH.S_TIM8_CH2.ConfNb=1
SPI2.BaudRatePrescaler=SPI_BAUDRATEPRESCALER_8
SPI2.CLKPhase=SPI_PHASE_2EDGE
SPI2.CLKPolarity=SPI_POLARITY_HIGH
SPI2.CalculateBaudRate=6.75 MBits/s
SPI2.DataSize=SPI_DATASIZE_8BIT
SPI2.Direction=SPI_DIRECTION_2LINES
SPI2.IPParameters=Mode,CalculateBaudRate,BaudRatePrescaler,VirtualType,Direction,DataSize,CLKPolarity,CLKPhase
SPI2.Mode=SPI_MODE_MASTER
SPI2.VirtualType=VM_MASTER
SPI3.BaudRatePrescaler=SPI_BAUDRATEPRESCALER_2
SPI3.CalculateBaudRate=27.0 MBits/s
SPI3.Direction=SPI_DIRECTION_2LINES
SPI3.IPParameters=Mode,CalculateBaudRate,BaudRatePrescaler,VirtualType,Direction
SPI3.Mode=SPI_MODE_MASTER
SPI3.VirtualType=VM_MASTER
SPI6.BaudRatePrescaler=SPI_BAUDRATEPRESCALER_2
SPI6.CalculateBaudRate=54.0 MBits/s
SPI6.Direction=SPI_DIRECTION_2LINES
SPI6.IPParameters=Mode,CalculateBaudRate,BaudRatePrescaler,VirtualType,Direction
SPI6.Mode=SPI_MODE_MASTER
SPI6.VirtualType=VM_MASTER
TIM3.EncoderMode=TIM_ENCODERMODE_TI12
TIM3.IC1Polarity=TIM_ICPOLARITY_FALLING
TIM3.IC2Polarity=TIM_ICPOLARITY_FALLING
TIM3.IPParameters=Period,EncoderMode,IC1Polarity,IC2Polarity
TIM3.Period=4103
TIM4.EncoderMode=TIM_ENCODERMODE_TI12
TIM4.IC1Polarity=TIM_ICPOLARITY_FALLING
TIM4.IC2Polarity=TIM_ICPOLARITY_FALLING
TIM4.IPParameters=Period,EncoderMode,IC1Polarity,IC2Polarity
TIM4.Period=4103
TIM5.EncoderMode=TIM_ENCODERMODE_TI12
TIM5.IC1Polarity=TIM_ICPOLARITY_FALLING
TIM5.IC2Polarity=TIM_ICPOLARITY_FALLING
TIM5.IPParameters=Period,EncoderMode,IC1Polarity,IC2Polarity
TIM5.Period=4013
TIM8.EncoderMode=TIM_ENCODERMODE_TI12
TIM8.IC1Polarity=TIM_ICPOLARITY_FALLING
TIM8.IC2Polarity=TIM_ICPOLARITY_FALLING
TIM8.IPParameters=Period,EncoderMode,IC1Polarity,IC2Polarity
TIM8.Period=4103
USB_DEVICE.CLASS_NAME_FS=AUDIO
USB_DEVICE.IPParameters=VirtualModeFS,CLASS_NAME_FS,USBD_AUDIO_FREQ-AUDIO_FS,USBD_LPM_ENABLED-AUDIO_FS,USBD_MAX_NUM_INTERFACES-AUDIO_FS
USB_DEVICE.USBD_AUDIO_FREQ-AUDIO_FS=48000
USB_DEVICE.USBD_LPM_ENABLED-AUDIO_FS=1
USB_DEVICE.USBD_MAX_NUM_INTERFACES-AUDIO_FS=5
USB_DEVICE.VirtualModeFS=Audio_FS
USB_HOST.IPParameters=VirtualModeHS,USBH_HandleTypeDef-MSC_HS,USBH_MAX_NUM_ENDPOINTS-MSC_HS,USBH_MAX_NUM_INTERFACES-MSC_HS,USBH_MAX_NUM_SUPPORTED_CLASS-MSC_HS
USB_HOST.USBH_HandleTypeDef-MSC_HS=hUsbHostHS
USB_HOST.USBH_MAX_NUM_ENDPOINTS-MSC_HS=5
USB_HOST.USBH_MAX_NUM_INTERFACES-MSC_HS=10
USB_HOST.USBH_MAX_NUM_SUPPORTED_CLASS-MSC_HS=5
USB_HOST.VirtualModeHS=Msc
USB_OTG_FS.IPParameters=VirtualMode,Sof_enable,lpm_enable,vbus_sensing_enable
USB_OTG_FS.Sof_enable=ENABLE
USB_OTG_FS.VirtualMode=Device_Only
USB_OTG_FS.lpm_enable=ENABLE
USB_OTG_FS.vbus_sensing_enable=DISABLE
USB_OTG_HS.IPParameters=VirtualMode-Host_FS
USB_OTG_HS.VirtualMode-Host_FS=Host_FS
VP_FATFS_VS_USB.Mode=USB
VP_FATFS_VS_USB.Signal=FATFS_VS_USB
VP_RTC_VS_RTC_Activate.Mode=RTC_Enabled
VP_RTC_VS_RTC_Activate.Signal=RTC_VS_RTC_Activate
VP_RTC_VS_RTC_Calendar.Mode=RTC_Calendar
VP_RTC_VS_RTC_Calendar.Signal=RTC_VS_RTC_Calendar
VP_RTC_VS_RTC_WakeUp_intern.Mode=WakeUp
VP_RTC_VS_RTC_WakeUp_intern.Signal=RTC_VS_RTC_WakeUp_intern
VP_SAI1_VP_$IpInstance_SAIA_SAI_BASIC.Mode=SAI_A_BASIC
VP_SAI1_VP_$IpInstance_SAIA_SAI_BASIC.Signal=SAI1_VP_$IpInstance_SAIA_SAI_BASIC
VP_SAI1_VP_$IpInstance_SAIB_SAI_BASIC.Mode=SAI_B_BASIC
VP_SAI1_VP_$IpInstance_SAIB_SAI_BASIC.Signal=SAI1_VP_$IpInstance_SAIB_SAI_BASIC
VP_SAI2_VP_$IpInstance_SAIA_SAI_BASIC.Mode=SAI_A_BASIC
VP_SAI2_VP_$IpInstance_SAIA_SAI_BASIC.Signal=SAI2_VP_$IpInstance_SAIA_SAI_BASIC
VP_SAI2_VP_$IpInstance_SAIB_SAI_BASIC.Mode=SAI_B_BASIC
VP_SAI2_VP_$IpInstance_SAIB_SAI_BASIC.Signal=SAI2_VP_$IpInstance_SAIB_SAI_BASIC
VP_SYS_VS_Systick.Mode=SysTick
VP_SYS_VS_Systick.Signal=SYS_VS_Systick
VP_USB_DEVICE_VS_USB_DEVICE_AUDIO_FS.Mode=AUDIO_FS
VP_USB_DEVICE_VS_USB_DEVICE_AUDIO_FS.Signal=USB_DEVICE_VS_USB_DEVICE_AUDIO_FS
VP_USB_HOST_VS_USB_HOST_MSC_HS.Mode=MSC_HS
VP_USB_HOST_VS_USB_HOST_MSC_HS.Signal=USB_HOST_VS_USB_HOST_MSC_HS
board=ovi40
